
Microsoft Visual Studio Solution File, Format Version 12.00
# Visual Studio Version 17
VisualStudioVersion = 17.6.33723.286
MinimumVisualStudioVersion = 10.0.40219.1
Project("{FAE04EC0-301F-11D3-BF4B-00C04F79EFBC}") = "aspnetcore7", "aspnetcore7\aspnetcore7.csproj", "{7348C677-EA14-42FB-8E8E-E44A69B33EC1}"
EndProject
Global
	GlobalSection(SolutionConfigurationPlatforms) = preSolution
		Debug|Any CPU = Debug|Any CPU
		Release|Any CPU = Release|Any CPU
	EndGlobalSection
	GlobalSection(ProjectConfigurationPlatforms) = postSolution
		{7348C677-EA14-42FB-8E8E-E44A69B33EC1}.Debug|Any CPU.ActiveCfg = Debug|Any CPU
		{7348C677-EA14-42FB-8E8E-E44A69B33EC1}.Debug|Any CPU.Build.0 = Debug|Any CPU
		{7348C677-EA14-42FB-8E8E-E44A69B33EC1}.Release|Any CPU.ActiveCfg = Release|Any CPU
		{7348C677-EA14-42FB-8E8E-E44A69B33EC1}.Release|Any CPU.Build.0 = Release|Any CPU
	EndGlobalSection
	GlobalSection(SolutionProperties) = preSolution
		HideSolutionNode = FALSE
	EndGlobalSection
	GlobalSection(ExtensibilityGlobals) = postSolution
		SolutionGuid = {437A2A1E-8E0B-4B59-ABC0-A29A0B00018A}
	EndGlobalSection
EndGlobal
