
Microsoft Visual Studio Solution File, Format Version 12.00
# Visual Studio Version 17
VisualStudioVersion = 17.6.33723.286
MinimumVisualStudioVersion = 10.0.40219.1
Project("{FAE04EC0-301F-11D3-BF4B-00C04F79EFBC}") = "Aspnetcore1", "Aspnetcore1\Aspnetcore1.csproj", "{F7524FCB-66C9-4380-9FCB-6FF4C99617B0}"
EndProject
Project("{FAE04EC0-301F-11D3-BF4B-00C04F79EFBC}") = "AspnetCoreWebApi", "AspnetCoreWebApi\AspnetCoreWebApi.csproj", "{291D2840-8651-4E59-AD13-F06185198E8A}"
EndProject
Global
	GlobalSection(SolutionConfigurationPlatforms) = preSolution
		Debug|Any CPU = Debug|Any CPU
		Release|Any CPU = Release|Any CPU
	EndGlobalSection
	GlobalSection(ProjectConfigurationPlatforms) = postSolution
		{F7524FCB-66C9-4380-9FCB-6FF4C99617B0}.Debug|Any CPU.ActiveCfg = Debug|Any CPU
		{F7524FCB-66C9-4380-9FCB-6FF4C99617B0}.Debug|Any CPU.Build.0 = Debug|Any CPU
		{F7524FCB-66C9-4380-9FCB-6FF4C99617B0}.Release|Any CPU.ActiveCfg = Release|Any CPU
		{F7524FCB-66C9-4380-9FCB-6FF4C99617B0}.Release|Any CPU.Build.0 = Release|Any CPU
		{291D2840-8651-4E59-AD13-F06185198E8A}.Debug|Any CPU.ActiveCfg = Debug|Any CPU
		{291D2840-8651-4E59-AD13-F06185198E8A}.Debug|Any CPU.Build.0 = Debug|Any CPU
		{291D2840-8651-4E59-AD13-F06185198E8A}.Release|Any CPU.ActiveCfg = Release|Any CPU
		{291D2840-8651-4E59-AD13-F06185198E8A}.Release|Any CPU.Build.0 = Release|Any CPU
	EndGlobalSection
	GlobalSection(SolutionProperties) = preSolution
		HideSolutionNode = FALSE
	EndGlobalSection
	GlobalSection(ExtensibilityGlobals) = postSolution
		SolutionGuid = {22512853-8E08-4922-9C53-8388D82F61D2}
	EndGlobalSection
EndGlobal
