
Microsoft Visual Studio Solution File, Format Version 12.00
# Visual Studio Version 17
VisualStudioVersion = 17.6.33723.286
MinimumVisualStudioVersion = 10.0.40219.1
Project("{FAE04EC0-301F-11D3-BF4B-00C04F79EFBC}") = "CSharp10", "CSharp10\CSharp10.csproj", "{877D9ECD-37C3-48A1-B8EF-433BC9F6BA25}"
EndProject
Global
	GlobalSection(SolutionConfigurationPlatforms) = preSolution
		Debug|Any CPU = Debug|Any CPU
		Release|Any CPU = Release|Any CPU
	EndGlobalSection
	GlobalSection(ProjectConfigurationPlatforms) = postSolution
		{877D9ECD-37C3-48A1-B8EF-433BC9F6BA25}.Debug|Any CPU.ActiveCfg = Debug|Any CPU
		{877D9ECD-37C3-48A1-B8EF-433BC9F6BA25}.Debug|Any CPU.Build.0 = Debug|Any CPU
		{877D9ECD-37C3-48A1-B8EF-433BC9F6BA25}.Release|Any CPU.ActiveCfg = Release|Any CPU
		{877D9ECD-37C3-48A1-B8EF-433BC9F6BA25}.Release|Any CPU.Build.0 = Release|Any CPU
	EndGlobalSection
	GlobalSection(SolutionProperties) = preSolution
		HideSolutionNode = FALSE
	EndGlobalSection
	GlobalSection(ExtensibilityGlobals) = postSolution
		SolutionGuid = {1A9A19E7-AC07-42FD-ADB2-BB267C79796A}
	EndGlobalSection
EndGlobal
