
Microsoft Visual Studio Solution File, Format Version 12.00
# Visual Studio Version 17
VisualStudioVersion = 17.6.33723.286
MinimumVisualStudioVersion = 10.0.40219.1
Project("{FAE04EC0-301F-11D3-BF4B-00C04F79EFBC}") = "CSharp8", "CSharp8\CSharp8.csproj", "{9733C435-33DF-40C1-9089-156A92DD0F48}"
EndProject
Global
	GlobalSection(SolutionConfigurationPlatforms) = preSolution
		Debug|Any CPU = Debug|Any CPU
		Release|Any CPU = Release|Any CPU
	EndGlobalSection
	GlobalSection(ProjectConfigurationPlatforms) = postSolution
		{9733C435-33DF-40C1-9089-156A92DD0F48}.Debug|Any CPU.ActiveCfg = Debug|Any CPU
		{9733C435-33DF-40C1-9089-156A92DD0F48}.Debug|Any CPU.Build.0 = Debug|Any CPU
		{9733C435-33DF-40C1-9089-156A92DD0F48}.Release|Any CPU.ActiveCfg = Release|Any CPU
		{9733C435-33DF-40C1-9089-156A92DD0F48}.Release|Any CPU.Build.0 = Release|Any CPU
	EndGlobalSection
	GlobalSection(SolutionProperties) = preSolution
		HideSolutionNode = FALSE
	EndGlobalSection
	GlobalSection(ExtensibilityGlobals) = postSolution
		SolutionGuid = {8E0BAD8B-9CAD-4B52-92AB-3F814F8284E8}
	EndGlobalSection
EndGlobal
