
Microsoft Visual Studio Solution File, Format Version 12.00
# Visual Studio Version 17
VisualStudioVersion = 17.6.33723.286
MinimumVisualStudioVersion = 10.0.40219.1
Project("{9A19103F-16F7-4668-BE54-9A1E7A4F7556}") = "aspnetcore9", "aspnetcore9\aspnetcore9.csproj", "{9F0D01E4-5270-4424-8F96-9457A45FDA79}"
EndProject
Project("{FAE04EC0-301F-11D3-BF4B-00C04F79EFBC}") = "BenchmarkSample", "BenchmarkSample\BenchmarkSample.csproj", "{ACAB075A-0321-43F9-9249-9E1D86ECAFAA}"
EndProject
Global
	GlobalSection(SolutionConfigurationPlatforms) = preSolution
		Debug|Any CPU = Debug|Any CPU
		Release|Any CPU = Release|Any CPU
	EndGlobalSection
	GlobalSection(ProjectConfigurationPlatforms) = postSolution
		{9F0D01E4-5270-4424-8F96-9457A45FDA79}.Debug|Any CPU.ActiveCfg = Debug|Any CPU
		{9F0D01E4-5270-4424-8F96-9457A45FDA79}.Debug|Any CPU.Build.0 = Debug|Any CPU
		{9F0D01E4-5270-4424-8F96-9457A45FDA79}.Release|Any CPU.ActiveCfg = Release|Any CPU
		{9F0D01E4-5270-4424-8F96-9457A45FDA79}.Release|Any CPU.Build.0 = Release|Any CPU
		{ACAB075A-0321-43F9-9249-9E1D86ECAFAA}.Debug|Any CPU.ActiveCfg = Debug|Any CPU
		{ACAB075A-0321-43F9-9249-9E1D86ECAFAA}.Debug|Any CPU.Build.0 = Debug|Any CPU
		{ACAB075A-0321-43F9-9249-9E1D86ECAFAA}.Release|Any CPU.ActiveCfg = Release|Any CPU
		{ACAB075A-0321-43F9-9249-9E1D86ECAFAA}.Release|Any CPU.Build.0 = Release|Any CPU
	EndGlobalSection
	GlobalSection(SolutionProperties) = preSolution
		HideSolutionNode = FALSE
	EndGlobalSection
	GlobalSection(ExtensibilityGlobals) = postSolution
		SolutionGuid = {A099311E-1A04-4363-B5E3-AD7660C9D558}
	EndGlobalSection
EndGlobal
