
Microsoft Visual Studio Solution File, Format Version 12.00
# Visual Studio Version 17
VisualStudioVersion = 17.6.33723.286
MinimumVisualStudioVersion = 10.0.40219.1
Project("{FAE04EC0-301F-11D3-BF4B-00C04F79EFBC}") = "aspnetcore4", "aspnetcore4\aspnetcore4.csproj", "{467E6E1F-A12E-44AA-8464-FA996E96F3F7}"
EndProject
Project("{FAE04EC0-301F-11D3-BF4B-00C04F79EFBC}") = "ThreadSample", "ThreadSample\ThreadSample.csproj", "{A8FD5434-F3BC-4687-AA4A-C324D9EB8474}"
EndProject
Global
	GlobalSection(SolutionConfigurationPlatforms) = preSolution
		Debug|Any CPU = Debug|Any CPU
		Release|Any CPU = Release|Any CPU
	EndGlobalSection
	GlobalSection(ProjectConfigurationPlatforms) = postSolution
		{467E6E1F-A12E-44AA-8464-FA996E96F3F7}.Debug|Any CPU.ActiveCfg = Debug|Any CPU
		{467E6E1F-A12E-44AA-8464-FA996E96F3F7}.Debug|Any CPU.Build.0 = Debug|Any CPU
		{467E6E1F-A12E-44AA-8464-FA996E96F3F7}.Release|Any CPU.ActiveCfg = Release|Any CPU
		{467E6E1F-A12E-44AA-8464-FA996E96F3F7}.Release|Any CPU.Build.0 = Release|Any CPU
		{A8FD5434-F3BC-4687-AA4A-C324D9EB8474}.Debug|Any CPU.ActiveCfg = Debug|Any CPU
		{A8FD5434-F3BC-4687-AA4A-C324D9EB8474}.Debug|Any CPU.Build.0 = Debug|Any CPU
		{A8FD5434-F3BC-4687-AA4A-C324D9EB8474}.Release|Any CPU.ActiveCfg = Release|Any CPU
		{A8FD5434-F3BC-4687-AA4A-C324D9EB8474}.Release|Any CPU.Build.0 = Release|Any CPU
	EndGlobalSection
	GlobalSection(SolutionProperties) = preSolution
		HideSolutionNode = FALSE
	EndGlobalSection
	GlobalSection(ExtensibilityGlobals) = postSolution
		SolutionGuid = {5BB23F42-0318-4781-8E23-4CAAA7B4F6E2}
	EndGlobalSection
EndGlobal
